{
  "name": "Graph_Database_Manipulation",
  "lockfileVersion": 3,
  "requires": true,
  "packages": {
    "": {
      "dependencies": {
        "cytoscape": "^3.28.0",
        "cytoscape-panzoom": "^2.5.3"
      }
    },
    "node_modules/cytoscape": {
      "version": "3.28.0",
      "resolved": "https://registry.npmjs.org/cytoscape/-/cytoscape-3.28.0.tgz",
      "integrity": "sha512-x7+BHQXN90Audv5xXvdOECmiKuZdeKeoqOmDuYoht4zDKSdObC0Z9AdJXFkXEQvXU8UndI6WnTz47TRI7duReg==",
      "dependencies": {
        "heap": "^0.2.6",
        "lodash": "^4.17.21"
      },
      "engines": {
        "node": ">=0.10"
      }
    },
    "node_modules/cytoscape-panzoom": {
      "version": "2.5.3",
      "resolved": "https://registry.npmjs.org/cytoscape-panzoom/-/cytoscape-panzoom-2.5.3.tgz",
      "integrity": "sha512-//qLOqbbFUCGddarNKHDZArItOJHgnkQ1TvxI9nV2/8aOOl/5wuEOHmra3fL/aWSjB4AYpYTG4LX7w96uWfRTQ==",
      "dependencies": {
        "jquery": "^1.4 || ^2.0 || ^3.0"
      },
      "peerDependencies": {
        "cytoscape": "^2.0.0 || ^3.0.0"
      }
    },
    "node_modules/heap": {
      "version": "0.2.7",
      "resolved": "https://registry.npmjs.org/heap/-/heap-0.2.7.tgz",
      "integrity": "sha512-2bsegYkkHO+h/9MGbn6KWcE45cHZgPANo5LXF7EvWdT0yT2EguSVO1nDgU5c8+ZOPwp2vMNa7YFsJhVcDR9Sdg=="
    },
    "node_modules/jquery": {
      "version": "3.7.1",
      "resolved": "https://registry.npmjs.org/jquery/-/jquery-3.7.1.tgz",
      "integrity": "sha512-m4avr8yL8kmFN8psrbFFFmB/If14iN5o9nw/NgnnM+kybDJpRsAynV2BsfpTYrTRysYUdADVD7CkUUizgkpLfg=="
    },
    "node_modules/lodash": {
      "version": "4.17.21",
      "resolved": "https://registry.npmjs.org/lodash/-/lodash-4.17.21.tgz",
      "integrity": "sha512-v2kDEe57lecTulaDIuNTPy3Ry4gLGJ6Z1O3vE1krgXZNrsQ+LFTGHVxVjcXPs17LhbZVGedAJv8XZ1tvj5FvSg=="
    }
  }
}
